{
  "name": "cse-security-scanner",
  "version": "1.0.0",
  "lockfileVersion": 3,
  "requires": true,
  "packages": {
    "": {
      "name": "cse-security-scanner",
      "version": "1.0.0",
      "dependencies": {
        "itty-router": "^4.0.27"
      },
      "devDependencies": {
        "wrangler": "^3.62.0"
      }
    },
    "node_modules/@esbuild/win32-arm64": {
      "version": "0.20.2",
      "resolved": "https://registry.npmjs.org/@esbuild/win32-arm64/-/win32-arm64-0.20.2.tgz",
      "integrity": "sha512-ORzHYJ84mI6q1i2uJ7htgI8D7iTj+CVT2p2l5bLPaqLSahfGAf8U3eIuQL0FmGZJNbA4cnMv/H7k2yFj2k0cUA==",
      "cpu": [
        "arm64"
      ],
      "dev": true,
      "optional": true,
      "os": [
        "win32"
      ],
      "engines": {
        "node": ">=12"
      }
    },
    "node_modules/itty-router": {
      "version": "4.0.27",
      "resolved": "https://registry.npmjs.org/itty-router/-/itty-router-4.0.27.tgz",
      "integrity": "sha512-vjJ5aEoyaGgYb20g1zKx2j9T2STwA8p6iIGyHk0y0p2aTccyqODGtn620veCBIOPLw8H3n2t2s0j2wT9rR/IeA==",
      "engines": {
        "node": ">=16.7.0"
      }
    },
    "node_modules/wrangler": {
      "version": "3.62.0",
      "resolved": "https://registry.npmjs.org/wrangler/-/wrangler-3.62.0.tgz",
      "integrity": "sha512-Y1/lFkI4Nl35x4044udc2UuDBqgYyLgq3YJ2iSgudGgqKz4r2rZf2gY8jYl4yYyL/P5b7j5d7w8q8g==",
      "cpu": [
        "x64",
        "arm64"
      ],
      "dev": true,
      "hasInstallScript": true,
      "optionalDependencies": {
        "@esbuild/win32-arm64": "0.20.2"
      },
      "bin": {
        "wrangler": "wrangler"
      },
      "engines": {
        "node": ">=18.0.0"
      }
    }
  }
}
